
Microsoft Visual Studio Solution File, Format Version 12.00
# Visual Studio Version 17
VisualStudioVersion = 17.8.34330.188
MinimumVisualStudioVersion = 10.0.40219.1
Project("{9A19103F-16F7-4668-BE54-9A1E7A4F7556}") = "GradesApp", "GradesApp\GradesApp.csproj", "{310AA681-6583-42E7-9BEC-29679E84BDAF}"
EndProject
Project("{FAE04EC0-301F-11D3-BF4B-00C04F79EFBC}") = "GradesApp.Tests", "GradesApp.Tests\GradesApp.Tests.csproj", "{1A0C612B-A3D9-46D9-8A47-C7560EF30130}"
EndProject
Global
	GlobalSection(SolutionConfigurationPlatforms) = preSolution
		Debug|Any CPU = Debug|Any CPU
		Release|Any CPU = Release|Any CPU
	EndGlobalSection
	GlobalSection(ProjectConfigurationPlatforms) = postSolution
		{310AA681-6583-42E7-9BEC-29679E84BDAF}.Debug|Any CPU.ActiveCfg = Debug|Any CPU
		{310AA681-6583-42E7-9BEC-29679E84BDAF}.Debug|Any CPU.Build.0 = Debug|Any CPU
		{310AA681-6583-42E7-9BEC-29679E84BDAF}.Release|Any CPU.ActiveCfg = Release|Any CPU
		{310AA681-6583-42E7-9BEC-29679E84BDAF}.Release|Any CPU.Build.0 = Release|Any CPU
		{1A0C612B-A3D9-46D9-8A47-C7560EF30130}.Debug|Any CPU.ActiveCfg = Debug|Any CPU
		{1A0C612B-A3D9-46D9-8A47-C7560EF30130}.Debug|Any CPU.Build.0 = Debug|Any CPU
		{1A0C612B-A3D9-46D9-8A47-C7560EF30130}.Release|Any CPU.ActiveCfg = Release|Any CPU
		{1A0C612B-A3D9-46D9-8A47-C7560EF30130}.Release|Any CPU.Build.0 = Release|Any CPU
	EndGlobalSection
	GlobalSection(SolutionProperties) = preSolution
		HideSolutionNode = FALSE
	EndGlobalSection
	GlobalSection(ExtensibilityGlobals) = postSolution
		SolutionGuid = {0C63BB5C-B83A-4F2F-B8FB-2498A76EC821}
	EndGlobalSection
EndGlobal
